PODS:
  - PromiseKit (4.1.7):
    - PromiseKit/Foundation (= 4.1.7)
    - PromiseKit/QuartzCore (= 4.1.7)
    - PromiseKit/UIKit (= 4.1.7)
  - PromiseKit/CorePromise (4.1.7)
  - PromiseKit/Foundation (4.1.7):
    - PromiseKit/CorePromise
  - PromiseKit/QuartzCore (4.1.7):
    - PromiseKit/CorePromise
  - PromiseKit/UIKit (4.1.7):
    - PromiseKit/CorePromise
  - RxSwift (3.4.0)
  - Socket.IO-Client-Swift (8.3.3)
  - WeDeploy (0.4.0):
    - PromiseKit (~> 4.0)
    - RxSwift (~> 3.0)
    - Socket.IO-Client-Swift (~> 8.1)

DEPENDENCIES:
  - WeDeploy

SPEC CHECKSUMS:
  PromiseKit: 779f2e41faf62d854e7593026ddbcb0bb5c5002d
  RxSwift: 3789a1af753002a14edecdb698a2424624296a9c
  Socket.IO-Client-Swift: a2faffdbde89c63aebc5d631041530c1068b02b8
  WeDeploy: f1c38fb1113748356e72b3bf1162d31438dfc2aa

PODFILE CHECKSUM: f8e420bc7fd04652d50a09f13ef78918b29289d3

COCOAPODS: 1.2.0
